github.com/ejsdotsh/yacht-hugo-theme v0.0.8 h1:N3N6UqbY8WjLp1GPZvAG7j36eA3/XpfLO5ZEuKJjMaM=
github.com/ejsdotsh/yacht-hugo-theme v0.0.8/go.mod h1:eqp+VXRyWOQ2PXqt/eduHm0t4UtT6o30Q9YJy6q47c4=
github.com/ejsdotsh/yacht-hugo-theme v0.0.10 h1:WvXlWs7kc5GkK5d5w1sGOHG9Zm3pG7EsN5VxosAhZdU=
github.com/ejsdotsh/yacht-hugo-theme v0.0.10/go.mod h1:eqp+VXRyWOQ2PXqt/eduHm0t4UtT6o30Q9YJy6q47c4=
